
Microsoft Visual Studio Solution File, Format Version 12.00
# Visual Studio Version 16
VisualStudioVersion = 16.0.31205.134
MinimumVisualStudioVersion = 10.0.40219.1
Project("{FAE04EC0-301F-11D3-BF4B-00C04F79EFBC}") = "RadzenBlazorTester", "RadzenBlazorTester\RadzenBlazorTester.csproj", "{30B419DA-0AB2-41C5-B5D4-1D0903480209}"
EndProject
Global
	GlobalSection(SolutionConfigurationPlatforms) = preSolution
		Debug|Any CPU = Debug|Any CPU
		Release|Any CPU = Release|Any CPU
	EndGlobalSection
	GlobalSection(ProjectConfigurationPlatforms) = postSolution
		{30B419DA-0AB2-41C5-B5D4-1D0903480209}.Debug|Any CPU.ActiveCfg = Debug|Any CPU
		{30B419DA-0AB2-41C5-B5D4-1D0903480209}.Debug|Any CPU.Build.0 = Debug|Any CPU
		{30B419DA-0AB2-41C5-B5D4-1D0903480209}.Release|Any CPU.ActiveCfg = Release|Any CPU
		{30B419DA-0AB2-41C5-B5D4-1D0903480209}.Release|Any CPU.Build.0 = Release|Any CPU
	EndGlobalSection
	GlobalSection(SolutionProperties) = preSolution
		HideSolutionNode = FALSE
	EndGlobalSection
	GlobalSection(ExtensibilityGlobals) = postSolution
		SolutionGuid = {DC90DA8E-AFDB-434C-BC0B-D5D60DBF7916}
	EndGlobalSection
EndGlobal
